
Microsoft Visual Studio Solution File, Format Version 12.00
# Visual Studio Version 17
VisualStudioVersion = 17.6.33723.286
MinimumVisualStudioVersion = 10.0.40219.1
Project("{FAE04EC0-301F-11D3-BF4B-00C04F79EFBC}") = "云盘解析", "Source\云盘解析.csproj", "{7CB8F73B-3AEB-4F22-88DB-BF607DC4636E}"
EndProject
Global
	GlobalSection(SolutionConfigurationPlatforms) = preSolution
		Debug|Any CPU = Debug|Any CPU
		Release|Any CPU = Release|Any CPU
	EndGlobalSection
	GlobalSection(ProjectConfigurationPlatforms) = postSolution
		{7CB8F73B-3AEB-4F22-88DB-BF607DC4636E}.Debug|Any CPU.ActiveCfg = Debug|Any CPU
		{7CB8F73B-3AEB-4F22-88DB-BF607DC4636E}.Debug|Any CPU.Build.0 = Debug|Any CPU
		{7CB8F73B-3AEB-4F22-88DB-BF607DC4636E}.Release|Any CPU.ActiveCfg = Release|Any CPU
		{7CB8F73B-3AEB-4F22-88DB-BF607DC4636E}.Release|Any CPU.Build.0 = Release|Any CPU
	EndGlobalSection
	GlobalSection(SolutionProperties) = preSolution
		HideSolutionNode = FALSE
	EndGlobalSection
	GlobalSection(ExtensibilityGlobals) = postSolution
		SolutionGuid = {B7233314-B21C-4344-8BF9-74EC9A07F90C}
	EndGlobalSection
EndGlobal
